
Microsoft Visual Studio Solution File, Format Version 12.00
# Visual Studio Version 17
VisualStudioVersion = 17.3.32901.215
MinimumVisualStudioVersion = 10.0.40219.1
Project("{FAE04EC0-301F-11D3-BF4B-00C04F79EFBC}") = "SketchURhino", "SketchURhino\SketchURhino.csproj", "{E5A6C1F3-8672-43F6-96C6-8FC5BDDB68F3}"
EndProject
Global
	GlobalSection(SolutionConfigurationPlatforms) = preSolution
		Debug|Any CPU = Debug|Any CPU
		Release|Any CPU = Release|Any CPU
	EndGlobalSection
	GlobalSection(ProjectConfigurationPlatforms) = postSolution
		{E5A6C1F3-8672-43F6-96C6-8FC5BDDB68F3}.Debug|Any CPU.ActiveCfg = Debug|Any CPU
		{E5A6C1F3-8672-43F6-96C6-8FC5BDDB68F3}.Debug|Any CPU.Build.0 = Debug|Any CPU
		{E5A6C1F3-8672-43F6-96C6-8FC5BDDB68F3}.Release|Any CPU.ActiveCfg = Release|Any CPU
		{E5A6C1F3-8672-43F6-96C6-8FC5BDDB68F3}.Release|Any CPU.Build.0 = Release|Any CPU
	EndGlobalSection
	GlobalSection(SolutionProperties) = preSolution
		HideSolutionNode = FALSE
	EndGlobalSection
	GlobalSection(ExtensibilityGlobals) = postSolution
		SolutionGuid = {177485C9-BC29-4910-B5BE-5D08CE727097}
	EndGlobalSection
EndGlobal
